
Microsoft Visual Studio Solution File, Format Version 12.00
# Visual Studio Version 16
VisualStudioVersion = 16.0.30611.23
MinimumVisualStudioVersion = 10.0.40219.1
Project("{9A19103F-16F7-4668-BE54-9A1E7A4F7556}") = "LoveMoneyBlazor", "LoveMoneyBlazor\LoveMoneyBlazor.csproj", "{C7145A93-5333-40D4-ABFE-E3C251D28230}"
EndProject
Project("{FAE04EC0-301F-11D3-BF4B-00C04F79EFBC}") = "LoveMoneyAngularV2", "LoveMoneyAngularV2\LoveMoneyAngularV2.csproj", "{08A17812-C8EC-4113-833E-BF3D9495B6F3}"
EndProject
Global
	GlobalSection(SolutionConfigurationPlatforms) = preSolution
		Debug|Any CPU = Debug|Any CPU
		Release|Any CPU = Release|Any CPU
	EndGlobalSection
	GlobalSection(ProjectConfigurationPlatforms) = postSolution
		{C7145A93-5333-40D4-ABFE-E3C251D28230}.Debug|Any CPU.ActiveCfg = Debug|Any CPU
		{C7145A93-5333-40D4-ABFE-E3C251D28230}.Debug|Any CPU.Build.0 = Debug|Any CPU
		{C7145A93-5333-40D4-ABFE-E3C251D28230}.Release|Any CPU.ActiveCfg = Release|Any CPU
		{C7145A93-5333-40D4-ABFE-E3C251D28230}.Release|Any CPU.Build.0 = Release|Any CPU
		{08A17812-C8EC-4113-833E-BF3D9495B6F3}.Debug|Any CPU.ActiveCfg = Debug|Any CPU
		{08A17812-C8EC-4113-833E-BF3D9495B6F3}.Debug|Any CPU.Build.0 = Debug|Any CPU
		{08A17812-C8EC-4113-833E-BF3D9495B6F3}.Release|Any CPU.ActiveCfg = Release|Any CPU
		{08A17812-C8EC-4113-833E-BF3D9495B6F3}.Release|Any CPU.Build.0 = Release|Any CPU
	EndGlobalSection
	GlobalSection(SolutionProperties) = preSolution
		HideSolutionNode = FALSE
	EndGlobalSection
	GlobalSection(ExtensibilityGlobals) = postSolution
		SolutionGuid = {0B1293CB-A807-4639-AEE2-6EB62D106D0D}
	EndGlobalSection
EndGlobal
